{
  "name": "pixi-compressed-textures",
  "version": "2.0.0",
  "lockfileVersion": 1,
  "requires": true,
  "dependencies": {
    "@pixi/accessibility": {
      "version": "5.1.3",
      "resolved": "https://registry.npmjs.org/@pixi/accessibility/-/accessibility-5.1.3.tgz",
      "integrity": "sha512-HGR8WyDtenJOdDzTfxjRsRm5vOnkmkHlwk4LlXyJ9BE5IGFo5Kl9Cb+wUIU5TGyeBlikczW2+gZc665PVVSGaA==",
      "dev": true,
      "requires": {
        "@pixi/core": "^5.1.3",
        "@pixi/display": "^5.1.3",
        "@pixi/utils": "^5.1.3"
      }
    },
    "@pixi/app": {
      "version": "5.1.3",
      "resolved": "https://registry.npmjs.org/@pixi/app/-/app-5.1.3.tgz",
      "integrity": "sha512-bfH/+jnxGHfpn9nW8Q0bQO6HVXIwIWGYJZk1cYDAHWtrJZU4K5bpsu++7FzP44D41US5Ubab6/qBYCDTn42ncQ==",
      "dev": true,
      "requires": {
        "@pixi/core": "^5.1.3",
        "@pixi/display": "^5.1.3"
      }
    },
    "@pixi/constants": {
      "version": "5.1.0",
      "resolved": "https://registry.npmjs.org/@pixi/constants/-/constants-5.1.0.tgz",
      "integrity": "sha512-86cogDvjF9yNvmxeizwkIhA0Kl2z3gUSWMf2daYx903dzyje7fwkzRrKLnqDUn6vSAxRXiska0DMJhwYsIC29w==",
      "dev": true
    },
    "@pixi/core": {
      "version": "5.1.3",
      "resolved": "https://registry.npmjs.org/@pixi/core/-/core-5.1.3.tgz",
      "integrity": "sha512-np977qAvpa3SNxmvXfobTzS2tIR9OBHVYbMo1WRijAaEJrD8M26HU1Pd+3cbGUBRLGnQICPWJxFBiRB4x4vMPg==",
      "dev": true,
      "requires": {
        "@pixi/constants": "^5.1.0",
        "@pixi/display": "^5.1.3",
        "@pixi/math": "^5.1.0",
        "@pixi/runner": "^5.1.1",
        "@pixi/settings": "^5.1.3",
        "@pixi/ticker": "^5.1.3",
        "@pixi/utils": "^5.1.3"
      }
    },
    "@pixi/display": {
      "version": "5.1.3",
      "resolved": "https://registry.npmjs.org/@pixi/display/-/display-5.1.3.tgz",
      "integrity": "sha512-zQJfwH9tSilEfpajVJKM2bavIXBFMokscXyFIdokBSjLQL22mgEyR0mHZ3u6OECUa0PEVUA64eePv6KmPZ+bJQ==",
      "dev": true,
      "requires": {
        "@pixi/math": "^5.1.0",
        "@pixi/settings": "^5.1.3",
        "@pixi/utils": "^5.1.3"
      }
    },
    "@pixi/extract": {
      "version": "5.1.3",
      "resolved": "https://registry.npmjs.org/@pixi/extract/-/extract-5.1.3.tgz",
      "integrity": "sha512-DUdvf56N8XU3gC0IA7C2VKDjRRy6NpBObuBKHOoxNKpRsWc0Raz9IO7ba0PvsD4LiHQSWH4D5kXrZzNpGImbsw==",
      "dev": true,
      "requires": {
        "@pixi/core": "^5.1.3",
        "@pixi/math": "^5.1.0",
        "@pixi/utils": "^5.1.3"
      }
    },
    "@pixi/filter-alpha": {
      "version": "5.1.3",
      "resolved": "https://registry.npmjs.org/@pixi/filter-alpha/-/filter-alpha-5.1.3.tgz",
      "integrity": "sha512-l/rAxSsU3FaFWJPYInEtqXWH6wyh4Lg7zo/+N490+7PBwa5GJIsIeNTgwZD2rGmRjRGOHEPR40Wj8oYq/9qRuA==",
      "dev": true,
      "requires": {
        "@pixi/core": "^5.1.3"
      }
    },
    "@pixi/filter-blur": {
      "version": "5.1.3",
      "resolved": "https://registry.npmjs.org/@pixi/filter-blur/-/filter-blur-5.1.3.tgz",
      "integrity": "sha512-8sO5QOM9cHDbej6x+sTOV0QnfFdWmZXra2TdRYf3VC3aSYUvQD6ngKNEEbZ7NwT8pFl7uYkMDRcGM+0YKoKEoQ==",
      "dev": true,
      "requires": {
        "@pixi/core": "^5.1.3",
        "@pixi/settings": "^5.1.3"
      }
    },
    "@pixi/filter-color-matrix": {
      "version": "5.1.3",
      "resolved": "https://registry.npmjs.org/@pixi/filter-color-matrix/-/filter-color-matrix-5.1.3.tgz",
      "integrity": "sha512-lgtgFfB7AicUOArXInDa8O0uYAiwCrLIcflnhqOXWPMF1/KdBRe1DzmASBaBqHx3WBMJjNANfTzxQqeEp9Z2Ow==",
      "dev": true,
      "requires": {
        "@pixi/core": "^5.1.3"
      }
    },
    "@pixi/filter-displacement": {
      "version": "5.1.3",
      "resolved": "https://registry.npmjs.org/@pixi/filter-displacement/-/filter-displacement-5.1.3.tgz",
      "integrity": "sha512-WaHZ3HPZ1+3o13oafLBoImnk80k+W9c/yFhrT+8xb8C2tNF3ypTSXuNn2LWQqNA7DhaQnfeu8Iqrb12Qz+Ykhg==",
      "dev": true,
      "requires": {
        "@pixi/core": "^5.1.3",
        "@pixi/math": "^5.1.0"
      }
    },
    "@pixi/filter-fxaa": {
      "version": "5.1.3",
      "resolved": "https://registry.npmjs.org/@pixi/filter-fxaa/-/filter-fxaa-5.1.3.tgz",
      "integrity": "sha512-ppZDJAkFhV8i0s/G2r6JvaPEz0JqrOdI9vmS9xRxWLYUgttfx0wP8GJF50Y+EgH1Ak9AkT4OgBUxmw1nnRm6Hg==",
      "dev": true,
      "requires": {
        "@pixi/core": "^5.1.3"
      }
    },
    "@pixi/filter-noise": {
      "version": "5.1.3",
      "resolved": "https://registry.npmjs.org/@pixi/filter-noise/-/filter-noise-5.1.3.tgz",
      "integrity": "sha512-ikJzDfcKQOKy0yqa/JZlyQlmJQRRohbEI78rAqYlDFUmtBlmr/vm+5SG4PyQmLDAr27unrtaBSFODyivrMuxFQ==",
      "dev": true,
      "requires": {
        "@pixi/core": "^5.1.3"
      }
    },
    "@pixi/graphics": {
      "version": "5.1.3",
      "resolved": "https://registry.npmjs.org/@pixi/graphics/-/graphics-5.1.3.tgz",
      "integrity": "sha512-jDs33J1H2IaF2uF1kGXG/nPoQweOVgaQH/a/z+c8MlpIn/W45S0tlnPQx8kC+/sQkhQE+yiPeHqWeIfmkhtsCg==",
      "dev": true,
      "requires": {
        "@pixi/constants": "^5.1.0",
        "@pixi/core": "^5.1.3",
        "@pixi/display": "^5.1.3",
        "@pixi/math": "^5.1.0",
        "@pixi/sprite": "^5.1.3",
        "@pixi/utils": "^5.1.3"
      }
    },
    "@pixi/interaction": {
      "version": "5.1.3",
      "resolved": "https://registry.npmjs.org/@pixi/interaction/-/interaction-5.1.3.tgz",
      "integrity": "sha512-E6g0iTm7FmouFufBO1v9VfXGXd8QjeoKkPkcxOuITyeo1ZTdsriERo+pTIEXj2Oo9KHjw1wy7E+RT8Je6PDjsw==",
      "dev": true,
      "requires": {
        "@pixi/core": "^5.1.3",
        "@pixi/display": "^5.1.3",
        "@pixi/math": "^5.1.0",
        "@pixi/ticker": "^5.1.3",
        "@pixi/utils": "^5.1.3"
      }
    },
    "@pixi/loaders": {
      "version": "5.1.3",
      "resolved": "https://registry.npmjs.org/@pixi/loaders/-/loaders-5.1.3.tgz",
      "integrity": "sha512-ZNToByTjhNS6PG9bSCHosjAZQtd1m9XCQb6vmQAvihQTQtwWgCNUT4i259Ss6PSqlHTO5b6Q/14cAhbY/6wqUQ==",
      "dev": true,
      "requires": {
        "@pixi/core": "^5.1.3",
        "@pixi/utils": "^5.1.3",
        "resource-loader": "^3.0.1"
      }
    },
    "@pixi/math": {
      "version": "5.1.0",
      "resolved": "https://registry.npmjs.org/@pixi/math/-/math-5.1.0.tgz",
      "integrity": "sha512-Vf9W4SgYRRQMdSq8tFViKKKGCU3iklf0RDzd+wzp4gezOxe3m0PLB7XKwvVrP1hRjUh49zIAL9JBpYREPS1EMw==",
      "dev": true
    },
    "@pixi/mesh": {
      "version": "5.1.3",
      "resolved": "https://registry.npmjs.org/@pixi/mesh/-/mesh-5.1.3.tgz",
      "integrity": "sha512-j6G5jJ+Ko+C6xBxZBXnGvAB+Im+3RimWjMthf5sTSb0eF0XzlKtKXr9ScZbfAKgUpYTqn+FR6cbpbKulOA38qA==",
      "dev": true,
      "requires": {
        "@pixi/constants": "^5.1.0",
        "@pixi/core": "^5.1.3",
        "@pixi/display": "^5.1.3",
        "@pixi/math": "^5.1.0",
        "@pixi/settings": "^5.1.3",
        "@pixi/utils": "^5.1.3"
      }
    },
    "@pixi/mesh-extras": {
      "version": "5.1.3",
      "resolved": "https://registry.npmjs.org/@pixi/mesh-extras/-/mesh-extras-5.1.3.tgz",
      "integrity": "sha512-oRG7FIYeadbSV7iWyltoymREU2IaViI8g8PhayTLhCGSgZXtx11+ZfsqYZayT+cd30OyNstx2665sm5CbyRklw==",
      "dev": true,
      "requires": {
        "@pixi/constants": "^5.1.0",
        "@pixi/core": "^5.1.3",
        "@pixi/math": "^5.1.0",
        "@pixi/mesh": "^5.1.3",
        "@pixi/utils": "^5.1.3"
      }
    },
    "@pixi/mixin-cache-as-bitmap": {
      "version": "5.1.3",
      "resolved": "https://registry.npmjs.org/@pixi/mixin-cache-as-bitmap/-/mixin-cache-as-bitmap-5.1.3.tgz",
      "integrity": "sha512-A+HopdtPT8BpvCfTiVu+UH7C6/UCR/Jt+XtRERijQHfKVcolx9lhtxkzG6B/ecGuibvgA6XVjpSbqueTSaK3oA==",
      "dev": true,
      "requires": {
        "@pixi/core": "^5.1.3",
        "@pixi/display": "^5.1.3",
        "@pixi/math": "^5.1.0",
        "@pixi/settings": "^5.1.3",
        "@pixi/sprite": "^5.1.3",
        "@pixi/utils": "^5.1.3"
      }
    },
    "@pixi/mixin-get-child-by-name": {
      "version": "5.1.3",
      "resolved": "https://registry.npmjs.org/@pixi/mixin-get-child-by-name/-/mixin-get-child-by-name-5.1.3.tgz",
      "integrity": "sha512-0nvNfcQAeND9iuzQr0AYCxINDaXQx5Kft8Fauu0T4LKbYAchO0qzuSpv7L+cD4LvKdvGQyxHHWP6u4wQ9yuKrg==",
      "dev": true,
      "requires": {
        "@pixi/display": "^5.1.3"
      }
    },
    "@pixi/mixin-get-global-position": {
      "version": "5.1.3",
      "resolved": "https://registry.npmjs.org/@pixi/mixin-get-global-position/-/mixin-get-global-position-5.1.3.tgz",
      "integrity": "sha512-dgIUjjIDnI/wrNXt+ROWdv0syQeV5hlt/TJot/ULXw6HnBoDDmXqcKzIp38o3Ei6n2eQ0CUVbKYGd668tdk5EQ==",
      "dev": true,
      "requires": {
        "@pixi/display": "^5.1.3",
        "@pixi/math": "^5.1.0"
      }
    },
    "@pixi/particles": {
      "version": "5.1.3",
      "resolved": "https://registry.npmjs.org/@pixi/particles/-/particles-5.1.3.tgz",
      "integrity": "sha512-W2s2L6WgBZ726tr6YQUfBFwfQGCCD2fFtDAgxY6X5ppZHNPnkwfYhtoFqURkYyKbjRKbNNXXKH4FZiAsAfEuxA==",
      "dev": true,
      "requires": {
        "@pixi/constants": "^5.1.0",
        "@pixi/core": "^5.1.3",
        "@pixi/display": "^5.1.3",
        "@pixi/math": "^5.1.0",
        "@pixi/utils": "^5.1.3"
      }
    },
    "@pixi/polyfill": {
      "version": "5.1.0",
      "resolved": "https://registry.npmjs.org/@pixi/polyfill/-/polyfill-5.1.0.tgz",
      "integrity": "sha512-8M3nYCO0a599fsdLW7wv9SBYriMqS1QckKAkRuN2JualRuK/GjxZjm5Vcbcwc1gGONRUKZroH12CuPyTcU2HnQ==",
      "dev": true,
      "requires": {
        "es6-promise-polyfill": "^1.2.0",
        "object-assign": "^4.1.1"
      }
    },
    "@pixi/prepare": {
      "version": "5.1.3",
      "resolved": "https://registry.npmjs.org/@pixi/prepare/-/prepare-5.1.3.tgz",
      "integrity": "sha512-HJ2de6YTu41m8IGmgASFuREXoEnurxTkcDTJt0JMTxzX8H6lUWrWZpUoLtmofDS5I5EW2lA8ZuuUH3IyBrLipQ==",
      "dev": true,
      "requires": {
        "@pixi/core": "^5.1.3",
        "@pixi/display": "^5.1.3",
        "@pixi/graphics": "^5.1.3",
        "@pixi/settings": "^5.1.3",
        "@pixi/text": "^5.1.3",
        "@pixi/ticker": "^5.1.3"
      }
    },
    "@pixi/runner": {
      "version": "5.1.1",
      "resolved": "https://registry.npmjs.org/@pixi/runner/-/runner-5.1.1.tgz",
      "integrity": "sha512-cOkWsRZlEgOB4IuiUW0PvU0JDMNpNTtyLeECg4DwIDYW4uQ0033zaZFSsN0EOeX0TFkpBmaJsgEIwpmw32VU0w==",
      "dev": true
    },
    "@pixi/settings": {
      "version": "5.1.3",
      "resolved": "https://registry.npmjs.org/@pixi/settings/-/settings-5.1.3.tgz",
      "integrity": "sha512-goYjVYuklNMFWFq54J7u4eYVe+qmLe6AQP+b+hF+Kskw7tSXrAVTHROqrEiqPqKSCL9umorOi6T/ZTXhk8i4Wg==",
      "dev": true,
      "requires": {
        "ismobilejs": "^0.5.1"
      }
    },
    "@pixi/sprite": {
      "version": "5.1.3",
      "resolved": "https://registry.npmjs.org/@pixi/sprite/-/sprite-5.1.3.tgz",
      "integrity": "sha512-0A5K7uL8h89VleX9gfqIMaaZIfHx2gkcEZ+lhDeS/ohYWShTzHzAORyUz5EsH/4FsHb6yn+1bD/pBqtfoQUkeg==",
      "dev": true,
      "requires": {
        "@pixi/constants": "^5.1.0",
        "@pixi/core": "^5.1.3",
        "@pixi/display": "^5.1.3",
        "@pixi/math": "^5.1.0",
        "@pixi/settings": "^5.1.3",
        "@pixi/utils": "^5.1.3"
      }
    },
    "@pixi/sprite-animated": {
      "version": "5.1.3",
      "resolved": "https://registry.npmjs.org/@pixi/sprite-animated/-/sprite-animated-5.1.3.tgz",
      "integrity": "sha512-GGXsAKMqPWhk5AiThNz+36N0uyU+6Rkq9O8g3CMu7nh9X5Xq6yScoLJe/i19OutYmXJSrEDOGWGVykAHzjJq6g==",
      "dev": true,
      "requires": {
        "@pixi/core": "^5.1.3",
        "@pixi/sprite": "^5.1.3",
        "@pixi/ticker": "^5.1.3"
      }
    },
    "@pixi/sprite-tiling": {
      "version": "5.1.3",
      "resolved": "https://registry.npmjs.org/@pixi/sprite-tiling/-/sprite-tiling-5.1.3.tgz",
      "integrity": "sha512-nh0C9VshIxCiv9UpHWy62W818gJWD/xjqWIfdQzUvxweVLbwkvHzoBrqXWP3IxBvyFX8jTUH+8u4ONtvAAPDdQ==",
      "dev": true,
      "requires": {
        "@pixi/constants": "^5.1.0",
        "@pixi/core": "^5.1.3",
        "@pixi/display": "^5.1.3",
        "@pixi/math": "^5.1.0",
        "@pixi/sprite": "^5.1.3",
        "@pixi/utils": "^5.1.3"
      }
    },
    "@pixi/spritesheet": {
      "version": "5.1.3",
      "resolved": "https://registry.npmjs.org/@pixi/spritesheet/-/spritesheet-5.1.3.tgz",
      "integrity": "sha512-BGk7eAfSEOwDB2ZAkjVd07sWwsm1K5kfVA+Hd8IGZanczsvIQQhCipPbUCUZ/RWfjxnsmo25ZkfH7lUFY9xCwQ==",
      "dev": true,
      "requires": {
        "@pixi/core": "^5.1.3",
        "@pixi/loaders": "^5.1.3",
        "@pixi/math": "^5.1.0",
        "@pixi/utils": "^5.1.3"
      }
    },
    "@pixi/text": {
      "version": "5.1.3",
      "resolved": "https://registry.npmjs.org/@pixi/text/-/text-5.1.3.tgz",
      "integrity": "sha512-qT72lWIZZu1rddkpPgdrYOvHtj9x6op2I+uyzIUGm/cmdJzCnN7awjGcCqbP74HA8TQFtdJQRcOb7djY9Q0JWA==",
      "dev": true,
      "requires": {
        "@pixi/core": "^5.1.3",
        "@pixi/math": "^5.1.0",
        "@pixi/settings": "^5.1.3",
        "@pixi/sprite": "^5.1.3",
        "@pixi/utils": "^5.1.3"
      }
    },
    "@pixi/text-bitmap": {
      "version": "5.1.3",
      "resolved": "https://registry.npmjs.org/@pixi/text-bitmap/-/text-bitmap-5.1.3.tgz",
      "integrity": "sha512-BwFX1KQHkxHIR25KhjsMzwPTc0EXpw5uJ3d8rglhQUkfVC/HjiasCTrA5jPMNm6rFbFiQas03Pe0JO5B1W1zdA==",
      "dev": true,
      "requires": {
        "@pixi/core": "^5.1.3",
        "@pixi/display": "^5.1.3",
        "@pixi/loaders": "^5.1.3",
        "@pixi/math": "^5.1.0",
        "@pixi/settings": "^5.1.3",
        "@pixi/sprite": "^5.1.3",
        "@pixi/utils": "^5.1.3"
      }
    },
    "@pixi/ticker": {
      "version": "5.1.3",
      "resolved": "https://registry.npmjs.org/@pixi/ticker/-/ticker-5.1.3.tgz",
      "integrity": "sha512-IuJTMTfdboR6049b+HnSClGj7Lz5gObVoxuMc3flY493XAvrQk4XrBo57QDlVOdjVBiDW0gZ9DlUr1lwNFI7zQ==",
      "dev": true,
      "requires": {
        "@pixi/settings": "^5.1.3"
      }
    },
    "@pixi/utils": {
      "version": "5.1.3",
      "resolved": "https://registry.npmjs.org/@pixi/utils/-/utils-5.1.3.tgz",
      "integrity": "sha512-w2ULIc97p1tnAZ7L0aSClDeIpuCYrauOKbnWYG8C8zTVfHWFKAHVamvzYnVaeXw4CN9jwERK/JYY/y2VFZXHuw==",
      "dev": true,
      "requires": {
        "@pixi/constants": "^5.1.0",
        "@pixi/settings": "^5.1.3",
        "earcut": "^2.1.5",
        "eventemitter3": "^3.1.0",
        "url": "^0.11.0"
      }
    },
    "array-union": {
      "version": "1.0.2",
      "resolved": "https://registry.npmjs.org/array-union/-/array-union-1.0.2.tgz",
      "integrity": "sha1-mjRBDk9OPaI96jdb5b5w8kd47Dk=",
      "dev": true,
      "requires": {
        "array-uniq": "^1.0.1"
      }
    },
    "array-uniq": {
      "version": "1.0.3",
      "resolved": "https://registry.npmjs.org/array-uniq/-/array-uniq-1.0.3.tgz",
      "integrity": "sha1-r2rId6Jcx/dOBYiUdThY39sk/bY=",
      "dev": true
    },
    "arrify": {
      "version": "1.0.1",
      "resolved": "https://registry.npmjs.org/arrify/-/arrify-1.0.1.tgz",
      "integrity": "sha1-iYUI2iIm84DfkEcoRWhJwVAaSw0=",
      "dev": true
    },
    "balanced-match": {
      "version": "1.0.0",
      "resolved": "https://registry.npmjs.org/balanced-match/-/balanced-match-1.0.0.tgz",
      "integrity": "sha1-ibTRmasr7kneFk6gK4nORi1xt2c=",
      "dev": true
    },
    "brace-expansion": {
      "version": "1.1.11",
      "resolved": "https://registry.npmjs.org/brace-expansion/-/brace-expansion-1.1.11.tgz",
      "integrity": "sha512-iCuPHDFgrHX7H2vEI/5xpz07zSHB00TpugqhmYtVmMO6518mCuRMoOYFldEBl0g187ufozdaHgWKcYFb61qGiA==",
      "dev": true,
      "requires": {
        "balanced-match": "^1.0.0",
        "concat-map": "0.0.1"
      }
    },
    "concat-map": {
      "version": "0.0.1",
      "resolved": "https://registry.npmjs.org/concat-map/-/concat-map-0.0.1.tgz",
      "integrity": "sha1-2Klr13/Wjfd5OnMDajug1UBdR3s=",
      "dev": true
    },
    "del": {
      "version": "2.2.2",
      "resolved": "https://registry.npmjs.org/del/-/del-2.2.2.tgz",
      "integrity": "sha1-wSyYHQZ4RshLyvhiz/kw2Qf/0ag=",
      "dev": true,
      "requires": {
        "globby": "^5.0.0",
        "is-path-cwd": "^1.0.0",
        "is-path-in-cwd": "^1.0.0",
        "object-assign": "^4.0.1",
        "pify": "^2.0.0",
        "pinkie-promise": "^2.0.0",
        "rimraf": "^2.2.8"
      }
    },
    "earcut": {
      "version": "2.1.5",
      "resolved": "https://registry.npmjs.org/earcut/-/earcut-2.1.5.tgz",
      "integrity": "sha512-QFWC7ywTVLtvRAJTVp8ugsuuGQ5mVqNmJ1cRYeLrSHgP3nycr2RHTJob9OtM0v8ujuoKN0NY1a93J/omeTL1PA==",
      "dev": true
    },
    "es6-promise-polyfill": {
      "version": "1.2.0",
      "resolved": "https://registry.npmjs.org/es6-promise-polyfill/-/es6-promise-polyfill-1.2.0.tgz",
      "integrity": "sha1-84kl8jyz4+jObNqP93T867sJDN4=",
      "dev": true
    },
    "eventemitter3": {
      "version": "3.1.2",
      "resolved": "https://registry.npmjs.org/eventemitter3/-/eventemitter3-3.1.2.tgz",
      "integrity": "sha512-tvtQIeLVHjDkJYnzf2dgVMxfuSGJeM/7UCG17TT4EumTfNtF+0nebF/4zWOIkCreAbtNqhGEboB6BWrwqNaw4Q==",
      "dev": true
    },
    "fs.realpath": {
      "version": "1.0.0",
      "resolved": "https://registry.npmjs.org/fs.realpath/-/fs.realpath-1.0.0.tgz",
      "integrity": "sha1-FQStJSMVjKpA20onh8sBQRmU6k8=",
      "dev": true
    },
    "glob": {
      "version": "7.1.4",
      "resolved": "https://registry.npmjs.org/glob/-/glob-7.1.4.tgz",
      "integrity": "sha512-hkLPepehmnKk41pUGm3sYxoFs/umurYfYJCerbXEyFIWcAzvpipAgVkBqqT9RBKMGjnq6kMuyYwha6csxbiM1A==",
      "dev": true,
      "requires": {
        "fs.realpath": "^1.0.0",
        "inflight": "^1.0.4",
        "inherits": "2",
        "minimatch": "^3.0.4",
        "once": "^1.3.0",
        "path-is-absolute": "^1.0.0"
      }
    },
    "globby": {
      "version": "5.0.0",
      "resolved": "https://registry.npmjs.org/globby/-/globby-5.0.0.tgz",
      "integrity": "sha1-69hGZ8oNuzMLmbz8aOrCvFQ3Dg0=",
      "dev": true,
      "requires": {
        "array-union": "^1.0.1",
        "arrify": "^1.0.0",
        "glob": "^7.0.3",
        "object-assign": "^4.0.1",
        "pify": "^2.0.0",
        "pinkie-promise": "^2.0.0"
      }
    },
    "inflight": {
      "version": "1.0.6",
      "resolved": "https://registry.npmjs.org/inflight/-/inflight-1.0.6.tgz",
      "integrity": "sha1-Sb1jMdfQLQwJvJEKEHW6gWW1bfk=",
      "dev": true,
      "requires": {
        "once": "^1.3.0",
        "wrappy": "1"
      }
    },
    "inherits": {
      "version": "2.0.4",
      "resolved": "https://registry.npmjs.org/inherits/-/inherits-2.0.4.tgz",
      "integrity": "sha512-k/vGaX4/Yla3WzyMCvTQOXYeIHvqOKtnqBduzTHpzpQZzAskKMhZ2K+EnBiSM9zGSoIFeMpXKxa4dYeZIQqewQ==",
      "dev": true
    },
    "is-path-cwd": {
      "version": "1.0.0",
      "resolved": "https://registry.npmjs.org/is-path-cwd/-/is-path-cwd-1.0.0.tgz",
      "integrity": "sha1-0iXsIxMuie3Tj9p2dHLmLmXxEG0=",
      "dev": true
    },
    "is-path-in-cwd": {
      "version": "1.0.1",
      "resolved": "https://registry.npmjs.org/is-path-in-cwd/-/is-path-in-cwd-1.0.1.tgz",
      "integrity": "sha512-FjV1RTW48E7CWM7eE/J2NJvAEEVektecDBVBE5Hh3nM1Jd0kvhHtX68Pr3xsDf857xt3Y4AkwVULK1Vku62aaQ==",
      "dev": true,
      "requires": {
        "is-path-inside": "^1.0.0"
      }
    },
    "is-path-inside": {
      "version": "1.0.1",
      "resolved": "https://registry.npmjs.org/is-path-inside/-/is-path-inside-1.0.1.tgz",
      "integrity": "sha1-jvW33lBDej/cprToZe96pVy0gDY=",
      "dev": true,
      "requires": {
        "path-is-inside": "^1.0.1"
      }
    },
    "ismobilejs": {
      "version": "0.5.2",
      "resolved": "https://registry.npmjs.org/ismobilejs/-/ismobilejs-0.5.2.tgz",
      "integrity": "sha512-ta9UdV60xVZk/ZafFtSFslQaE76SvNkcs1r73d2PVR21zVzx9xuYv9tNe4MxA1NN7WoeCc2RjGot3Bz1eHDx3Q==",
      "dev": true
    },
    "mini-signals": {
      "version": "1.2.0",
      "resolved": "https://registry.npmjs.org/mini-signals/-/mini-signals-1.2.0.tgz",
      "integrity": "sha1-RbCAE8X65RokqhqTXNMXye1yHXQ=",
      "dev": true
    },
    "minimatch": {
      "version": "3.0.4",
      "resolved": "https://registry.npmjs.org/minimatch/-/minimatch-3.0.4.tgz",
      "integrity": "sha512-yJHVQEhyqPLUTgt9B83PXu6W3rx4MvvHvSUvToogpwoGDOUQ+yDrR0HRot+yOCdCO7u4hX3pWft6kWBBcqh0UA==",
      "dev": true,
      "requires": {
        "brace-expansion": "^1.1.7"
      }
    },
    "minimist": {
      "version": "0.0.8",
      "resolved": "https://registry.npmjs.org/minimist/-/minimist-0.0.8.tgz",
      "integrity": "sha1-hX/Kv8M5fSYluCKCYuhqp6ARsF0=",
      "dev": true
    },
    "mkdirp": {
      "version": "0.5.1",
      "resolved": "https://registry.npmjs.org/mkdirp/-/mkdirp-0.5.1.tgz",
      "integrity": "sha1-MAV0OOrGz3+MR2fzhkjWaX11yQM=",
      "dev": true,
      "requires": {
        "minimist": "0.0.8"
      }
    },
    "object-assign": {
      "version": "4.1.1",
      "resolved": "https://registry.npmjs.org/object-assign/-/object-assign-4.1.1.tgz",
      "integrity": "sha1-IQmtx5ZYh8/AXLvUQsrIv7s2CGM=",
      "dev": true
    },
    "once": {
      "version": "1.4.0",
      "resolved": "https://registry.npmjs.org/once/-/once-1.4.0.tgz",
      "integrity": "sha1-WDsap3WWHUsROsF9nFC6753Xa9E=",
      "dev": true,
      "requires": {
        "wrappy": "1"
      }
    },
    "os-tmpdir": {
      "version": "1.0.2",
      "resolved": "https://registry.npmjs.org/os-tmpdir/-/os-tmpdir-1.0.2.tgz",
      "integrity": "sha1-u+Z0BseaqFxc/sdm/lc0VV36EnQ=",
      "dev": true
    },
    "parallelshell": {
      "version": "2.0.0",
      "resolved": "https://registry.npmjs.org/parallelshell/-/parallelshell-2.0.0.tgz",
      "integrity": "sha1-yUr11jSFJqJtqQIPrrX8ckqAYAw=",
      "dev": true
    },
    "parse-uri": {
      "version": "1.0.0",
      "resolved": "https://registry.npmjs.org/parse-uri/-/parse-uri-1.0.0.tgz",
      "integrity": "sha1-KHLcwi8aeXrN4Vg9igrClVLdrCA=",
      "dev": true
    },
    "path-is-absolute": {
      "version": "1.0.1",
      "resolved": "https://registry.npmjs.org/path-is-absolute/-/path-is-absolute-1.0.1.tgz",
      "integrity": "sha1-F0uSaHNVNP+8es5r9TpanhtcX18=",
      "dev": true
    },
    "path-is-inside": {
      "version": "1.0.2",
      "resolved": "https://registry.npmjs.org/path-is-inside/-/path-is-inside-1.0.2.tgz",
      "integrity": "sha1-NlQX3t5EQw0cEa9hAn+s8HS9/FM=",
      "dev": true
    },
    "pify": {
      "version": "2.3.0",
      "resolved": "https://registry.npmjs.org/pify/-/pify-2.3.0.tgz",
      "integrity": "sha1-7RQaasBDqEnqWISY59yosVMw6Qw=",
      "dev": true
    },
    "pinkie": {
      "version": "2.0.4",
      "resolved": "https://registry.npmjs.org/pinkie/-/pinkie-2.0.4.tgz",
      "integrity": "sha1-clVrgM+g1IqXToDnckjoDtT3+HA=",
      "dev": true
    },
    "pinkie-promise": {
      "version": "2.0.1",
      "resolved": "https://registry.npmjs.org/pinkie-promise/-/pinkie-promise-2.0.1.tgz",
      "integrity": "sha1-ITXW36ejWMBprJsXh3YogihFD/o=",
      "dev": true,
      "requires": {
        "pinkie": "^2.0.0"
      }
    },
    "pixi.js": {
      "version": "5.1.3",
      "resolved": "https://registry.npmjs.org/pixi.js/-/pixi.js-5.1.3.tgz",
      "integrity": "sha512-M7FuduK//L/5EbbIeow5FSU8APmxZkn26D9Y4/SqOT1oZJOvzEd/Ticn/28kvdQ8+4RNkqf4gFJreu/N31Ac1g==",
      "dev": true,
      "requires": {
        "@pixi/accessibility": "^5.1.3",
        "@pixi/app": "^5.1.3",
        "@pixi/constants": "^5.1.0",
        "@pixi/core": "^5.1.3",
        "@pixi/display": "^5.1.3",
        "@pixi/extract": "^5.1.3",
        "@pixi/filter-alpha": "^5.1.3",
        "@pixi/filter-blur": "^5.1.3",
        "@pixi/filter-color-matrix": "^5.1.3",
        "@pixi/filter-displacement": "^5.1.3",
        "@pixi/filter-fxaa": "^5.1.3",
        "@pixi/filter-noise": "^5.1.3",
        "@pixi/graphics": "^5.1.3",
        "@pixi/interaction": "^5.1.3",
        "@pixi/loaders": "^5.1.3",
        "@pixi/math": "^5.1.0",
        "@pixi/mesh": "^5.1.3",
        "@pixi/mesh-extras": "^5.1.3",
        "@pixi/mixin-cache-as-bitmap": "^5.1.3",
        "@pixi/mixin-get-child-by-name": "^5.1.3",
        "@pixi/mixin-get-global-position": "^5.1.3",
        "@pixi/particles": "^5.1.3",
        "@pixi/polyfill": "^5.1.0",
        "@pixi/prepare": "^5.1.3",
        "@pixi/runner": "^5.1.1",
        "@pixi/settings": "^5.1.3",
        "@pixi/sprite": "^5.1.3",
        "@pixi/sprite-animated": "^5.1.3",
        "@pixi/sprite-tiling": "^5.1.3",
        "@pixi/spritesheet": "^5.1.3",
        "@pixi/text": "^5.1.3",
        "@pixi/text-bitmap": "^5.1.3",
        "@pixi/ticker": "^5.1.3",
        "@pixi/utils": "^5.1.3"
      }
    },
    "punycode": {
      "version": "1.3.2",
      "resolved": "https://registry.npmjs.org/punycode/-/punycode-1.3.2.tgz",
      "integrity": "sha1-llOgNvt8HuQjQvIyXM7v6jkmxI0=",
      "dev": true
    },
    "querystring": {
      "version": "0.2.0",
      "resolved": "https://registry.npmjs.org/querystring/-/querystring-0.2.0.tgz",
      "integrity": "sha1-sgmEkgO7Jd+CDadW50cAWHhSFiA=",
      "dev": true
    },
    "resource-loader": {
      "version": "3.0.1",
      "resolved": "https://registry.npmjs.org/resource-loader/-/resource-loader-3.0.1.tgz",
      "integrity": "sha512-fBuCRbEHdLCI1eglzQhUv9Rrdcmqkydr1r6uHE2cYHvRBrcLXeSmbE/qI/urFt8rPr/IGxir3BUwM5kUK8XoyA==",
      "dev": true,
      "requires": {
        "mini-signals": "^1.2.0",
        "parse-uri": "^1.0.0"
      }
    },
    "rimraf": {
      "version": "2.7.1",
      "resolved": "https://registry.npmjs.org/rimraf/-/rimraf-2.7.1.tgz",
      "integrity": "sha512-uWjbaKIK3T1OSVptzX7Nl6PvQ3qAGtKEtVRjRuazjfL3Bx5eI409VZSqgND+4UNnmzLVdPj9FqFJNPqBZFve4w==",
      "dev": true,
      "requires": {
        "glob": "^7.1.3"
      }
    },
    "tmp": {
      "version": "0.0.33",
      "resolved": "https://registry.npmjs.org/tmp/-/tmp-0.0.33.tgz",
      "integrity": "sha512-jRCJlojKnZ3addtTOjdIqoRuPEKBvNXcGYqzO6zWZX8KfKEpnGY5jfggJQ3EjKuu8D4bJRr0y+cYJFmYbImXGw==",
      "dev": true,
      "requires": {
        "os-tmpdir": "~1.0.2"
      }
    },
    "typescript": {
      "version": "3.6.3",
      "resolved": "https://registry.npmjs.org/typescript/-/typescript-3.6.3.tgz",
      "integrity": "sha512-N7bceJL1CtRQ2RiG0AQME13ksR7DiuQh/QehubYcghzv20tnh+MQnQIuJddTmsbqYj+dztchykemz0zFzlvdQw==",
      "dev": true
    },
    "url": {
      "version": "0.11.0",
      "resolved": "https://registry.npmjs.org/url/-/url-0.11.0.tgz",
      "integrity": "sha1-ODjpfPxgUh63PFJajlW/3Z4uKPE=",
      "dev": true,
      "requires": {
        "punycode": "1.3.2",
        "querystring": "0.2.0"
      }
    },
    "wrappy": {
      "version": "1.0.2",
      "resolved": "https://registry.npmjs.org/wrappy/-/wrappy-1.0.2.tgz",
      "integrity": "sha1-tSQ9jz7BqjXxNkYFvA0QNuMKtp8=",
      "dev": true
    }
  }
}
